{
  "name": "carousel",
  "version": "0.0.0",
  "lockfileVersion": 1,
  "requires": true,
  "dependencies": {
    "@ng-bootstrap/ng-bootstrap": {
      "version": "4.1.2",
      "resolved": "https://registry.npmjs.org/@ng-bootstrap/ng-bootstrap/-/ng-bootstrap-4.1.2.tgz",
      "integrity": "sha512-1kzxC32I1RgZiGp7O+QmZUJq+ENvov+z1RqfhtnD7zhJll+UdGPs+rPfIQ3jLqd+BgrfkSI+W4krVKAbXp1AKA==",
      "requires": {
        "tslib": "^1.9.0"
      },
      "dependencies": {
        "tslib": {
          "version": "1.9.3",
          "resolved": "https://registry.npmjs.org/tslib/-/tslib-1.9.3.tgz",
          "integrity": "sha512-4krF8scpejhaOgqzBEcGM7yDIEfi0/8+8zDRZhNZZ2kjmHJ4hv3zCbQWxoJGz1iw5U0Jl0nma13xzHXcncMavQ=="
        }
      }
    },
    "node": {
      "version": "12.1.0",
      "resolved": "https://registry.npmjs.org/node/-/node-12.1.0.tgz",
      "integrity": "sha512-WhAwVIfjIuvuuMT660SxCB6yltqxbJyH9eTUDN4Vd7qxjZpS2o2a1zjf8P8o6tObYgkbvXoTSxSCb7uHOH2clg==",
      "requires": {
        "node-bin-setup": "^1.0.0"
      }
    },
    "node-bin-setup": {
      "version": "1.0.6",
      "resolved": "https://registry.npmjs.org/node-bin-setup/-/node-bin-setup-1.0.6.tgz",
      "integrity": "sha512-uPIxXNis1CRbv1DwqAxkgBk5NFV3s7cMN/Gf556jSw6jBvV7ca4F9lRL/8cALcZecRibeqU+5dFYqFFmzv5a0Q=="
    }
  }
}
